
Microsoft Visual Studio Solution File, Format Version 12.00
# Visual Studio Version 17
VisualStudioVersion = 17.11.35312.102
MinimumVisualStudioVersion = 10.0.40219.1
Project("{FAE04EC0-301F-11D3-BF4B-00C04F79EFBC}") = "Platform.Challenge.Helloer", "Platform.Challenge.Helloer.csproj", "{11AC08ED-AD29-43A3-85BE-64EEE1625698}"
EndProject
Global
	GlobalSection(SolutionConfigurationPlatforms) = preSolution
		Debug|Any CPU = Debug|Any CPU
		Release|Any CPU = Release|Any CPU
	EndGlobalSection
	GlobalSection(ProjectConfigurationPlatforms) = postSolution
		{11AC08ED-AD29-43A3-85BE-64EEE1625698}.Debug|Any CPU.ActiveCfg = Debug|Any CPU
		{11AC08ED-AD29-43A3-85BE-64EEE1625698}.Debug|Any CPU.Build.0 = Debug|Any CPU
		{11AC08ED-AD29-43A3-85BE-64EEE1625698}.Release|Any CPU.ActiveCfg = Release|Any CPU
		{11AC08ED-AD29-43A3-85BE-64EEE1625698}.Release|Any CPU.Build.0 = Release|Any CPU
	EndGlobalSection
	GlobalSection(SolutionProperties) = preSolution
		HideSolutionNode = FALSE
	EndGlobalSection
	GlobalSection(ExtensibilityGlobals) = postSolution
		SolutionGuid = {A5376195-5315-4E66-BA4B-313DDA6FA8EC}
	EndGlobalSection
EndGlobal
